
Microsoft Visual Studio Solution File, Format Version 12.00
# Visual Studio Version 16
VisualStudioVersion = 16.0.35325.158
MinimumVisualStudioVersion = 10.0.40219.1
Project("{FAE04EC0-301F-11D3-BF4B-00C04F79EFBC}") = "FactoryMethodPattern", "FactoryMethodPattern\FactoryMethodPattern.csproj", "{E5E7D789-815A-4A93-BE89-7D27F9C9CFBE}"
EndProject
Global
	GlobalSection(SolutionConfigurationPlatforms) = preSolution
		Debug|Any CPU = Debug|Any CPU
		Release|Any CPU = Release|Any CPU
	EndGlobalSection
	GlobalSection(ProjectConfigurationPlatforms) = postSolution
		{E5E7D789-815A-4A93-BE89-7D27F9C9CFBE}.Debug|Any CPU.ActiveCfg = Debug|Any CPU
		{E5E7D789-815A-4A93-BE89-7D27F9C9CFBE}.Debug|Any CPU.Build.0 = Debug|Any CPU
		{E5E7D789-815A-4A93-BE89-7D27F9C9CFBE}.Release|Any CPU.ActiveCfg = Release|Any CPU
		{E5E7D789-815A-4A93-BE89-7D27F9C9CFBE}.Release|Any CPU.Build.0 = Release|Any CPU
	EndGlobalSection
	GlobalSection(SolutionProperties) = preSolution
		HideSolutionNode = FALSE
	EndGlobalSection
	GlobalSection(ExtensibilityGlobals) = postSolution
		SolutionGuid = {D5172001-250D-4366-8E68-5B6C957D3DF5}
	EndGlobalSection
EndGlobal
