
Microsoft Visual Studio Solution File, Format Version 12.00
# Visual Studio Version 16
VisualStudioVersion = 16.0.35325.158
MinimumVisualStudioVersion = 10.0.40219.1
Project("{FAE04EC0-301F-11D3-BF4B-00C04F79EFBC}") = "Assignment-6", "Assignment-6\Assignment-6.csproj", "{763300B0-6FEE-465F-A552-5F4177681285}"
EndProject
Global
	GlobalSection(SolutionConfigurationPlatforms) = preSolution
		Debug|Any CPU = Debug|Any CPU
		Release|Any CPU = Release|Any CPU
	EndGlobalSection
	GlobalSection(ProjectConfigurationPlatforms) = postSolution
		{763300B0-6FEE-465F-A552-5F4177681285}.Debug|Any CPU.ActiveCfg = Debug|Any CPU
		{763300B0-6FEE-465F-A552-5F4177681285}.Debug|Any CPU.Build.0 = Debug|Any CPU
		{763300B0-6FEE-465F-A552-5F4177681285}.Release|Any CPU.ActiveCfg = Release|Any CPU
		{763300B0-6FEE-465F-A552-5F4177681285}.Release|Any CPU.Build.0 = Release|Any CPU
	EndGlobalSection
	GlobalSection(SolutionProperties) = preSolution
		HideSolutionNode = FALSE
	EndGlobalSection
	GlobalSection(ExtensibilityGlobals) = postSolution
		SolutionGuid = {0F17CEEF-EF27-4403-9095-1BF82206F3CF}
	EndGlobalSection
EndGlobal
