
Microsoft Visual Studio Solution File, Format Version 12.00
# Visual Studio Version 16
VisualStudioVersion = 16.0.35325.158
MinimumVisualStudioVersion = 10.0.40219.1
Project("{FAE04EC0-301F-11D3-BF4B-00C04F79EFBC}") = "Assignment-6_ClassLibrary-", "Assignment-6_ClassLibrary-\Assignment-6_ClassLibrary-.csproj", "{10B0CFD8-59CB-451C-8F94-4E72FCD95A15}"
EndProject
Global
	GlobalSection(SolutionConfigurationPlatforms) = preSolution
		Debug|Any CPU = Debug|Any CPU
		Release|Any CPU = Release|Any CPU
	EndGlobalSection
	GlobalSection(ProjectConfigurationPlatforms) = postSolution
		{10B0CFD8-59CB-451C-8F94-4E72FCD95A15}.Debug|Any CPU.ActiveCfg = Debug|Any CPU
		{10B0CFD8-59CB-451C-8F94-4E72FCD95A15}.Debug|Any CPU.Build.0 = Debug|Any CPU
		{10B0CFD8-59CB-451C-8F94-4E72FCD95A15}.Release|Any CPU.ActiveCfg = Release|Any CPU
		{10B0CFD8-59CB-451C-8F94-4E72FCD95A15}.Release|Any CPU.Build.0 = Release|Any CPU
	EndGlobalSection
	GlobalSection(SolutionProperties) = preSolution
		HideSolutionNode = FALSE
	EndGlobalSection
	GlobalSection(ExtensibilityGlobals) = postSolution
		SolutionGuid = {6EB33F8C-6EFD-40BA-A5D6-4D3F65A8AB06}
	EndGlobalSection
EndGlobal
