
Microsoft Visual Studio Solution File, Format Version 12.00
# Visual Studio Version 16
VisualStudioVersion = 16.0.35325.158
MinimumVisualStudioVersion = 10.0.40219.1
Project("{FAE04EC0-301F-11D3-BF4B-00C04F79EFBC}") = "Delegates_example", "Delegates_example\Delegates_example.csproj", "{A4986F28-D773-4DA1-A8A0-6E630F93BA75}"
EndProject
Global
	GlobalSection(SolutionConfigurationPlatforms) = preSolution
		Debug|Any CPU = Debug|Any CPU
		Release|Any CPU = Release|Any CPU
	EndGlobalSection
	GlobalSection(ProjectConfigurationPlatforms) = postSolution
		{A4986F28-D773-4DA1-A8A0-6E630F93BA75}.Debug|Any CPU.ActiveCfg = Debug|Any CPU
		{A4986F28-D773-4DA1-A8A0-6E630F93BA75}.Debug|Any CPU.Build.0 = Debug|Any CPU
		{A4986F28-D773-4DA1-A8A0-6E630F93BA75}.Release|Any CPU.ActiveCfg = Release|Any CPU
		{A4986F28-D773-4DA1-A8A0-6E630F93BA75}.Release|Any CPU.Build.0 = Release|Any CPU
	EndGlobalSection
	GlobalSection(SolutionProperties) = preSolution
		HideSolutionNode = FALSE
	EndGlobalSection
	GlobalSection(ExtensibilityGlobals) = postSolution
		SolutionGuid = {870627D7-8CC0-4678-85EC-A884BEF71C2C}
	EndGlobalSection
EndGlobal
