
Microsoft Visual Studio Solution File, Format Version 12.00
# Visual Studio Version 16
VisualStudioVersion = 16.0.35325.158
MinimumVisualStudioVersion = 10.0.40219.1
Project("{FAE04EC0-301F-11D3-BF4B-00C04F79EFBC}") = "ConsoleApp1", "ConsoleApp1\ConsoleApp1.csproj", "{1FE35206-6C9D-4DFF-AA37-688A13EA6321}"
EndProject
Global
	GlobalSection(SolutionConfigurationPlatforms) = preSolution
		Debug|Any CPU = Debug|Any CPU
		Release|Any CPU = Release|Any CPU
	EndGlobalSection
	GlobalSection(ProjectConfigurationPlatforms) = postSolution
		{1FE35206-6C9D-4DFF-AA37-688A13EA6321}.Debug|Any CPU.ActiveCfg = Debug|Any CPU
		{1FE35206-6C9D-4DFF-AA37-688A13EA6321}.Debug|Any CPU.Build.0 = Debug|Any CPU
		{1FE35206-6C9D-4DFF-AA37-688A13EA6321}.Release|Any CPU.ActiveCfg = Release|Any CPU
		{1FE35206-6C9D-4DFF-AA37-688A13EA6321}.Release|Any CPU.Build.0 = Release|Any CPU
	EndGlobalSection
	GlobalSection(SolutionProperties) = preSolution
		HideSolutionNode = FALSE
	EndGlobalSection
	GlobalSection(ExtensibilityGlobals) = postSolution
		SolutionGuid = {44F08EA1-1AFB-4F8A-BF71-CBD61F09F22F}
	EndGlobalSection
EndGlobal
