
Microsoft Visual Studio Solution File, Format Version 12.00
# Visual Studio Version 16
VisualStudioVersion = 16.0.35325.158
MinimumVisualStudioVersion = 10.0.40219.1
Project("{FAE04EC0-301F-11D3-BF4B-00C04F79EFBC}") = "Dependency_Injection", "Dependency_Injection\Dependency_Injection.csproj", "{7CDF3684-D47E-4042-85CC-0541BA192D95}"
EndProject
Global
	GlobalSection(SolutionConfigurationPlatforms) = preSolution
		Debug|Any CPU = Debug|Any CPU
		Release|Any CPU = Release|Any CPU
	EndGlobalSection
	GlobalSection(ProjectConfigurationPlatforms) = postSolution
		{7CDF3684-D47E-4042-85CC-0541BA192D95}.Debug|Any CPU.ActiveCfg = Debug|Any CPU
		{7CDF3684-D47E-4042-85CC-0541BA192D95}.Debug|Any CPU.Build.0 = Debug|Any CPU
		{7CDF3684-D47E-4042-85CC-0541BA192D95}.Release|Any CPU.ActiveCfg = Release|Any CPU
		{7CDF3684-D47E-4042-85CC-0541BA192D95}.Release|Any CPU.Build.0 = Release|Any CPU
	EndGlobalSection
	GlobalSection(SolutionProperties) = preSolution
		HideSolutionNode = FALSE
	EndGlobalSection
	GlobalSection(ExtensibilityGlobals) = postSolution
		SolutionGuid = {091DE404-0011-4030-AB50-A4666C8F4326}
	EndGlobalSection
EndGlobal
