
Microsoft Visual Studio Solution File, Format Version 12.00
# Visual Studio Version 16
VisualStudioVersion = 16.0.35325.158
MinimumVisualStudioVersion = 10.0.40219.1
Project("{FAE04EC0-301F-11D3-BF4B-00C04F79EFBC}") = "MVC_EF_DBFirst", "MVC_EF_DBFirst\MVC_EF_DBFirst.csproj", "{DD5A2C44-79EC-47C2-8FD5-EF8C43570DC0}"
EndProject
Global
	GlobalSection(SolutionConfigurationPlatforms) = preSolution
		Debug|Any CPU = Debug|Any CPU
		Release|Any CPU = Release|Any CPU
	EndGlobalSection
	GlobalSection(ProjectConfigurationPlatforms) = postSolution
		{DD5A2C44-79EC-47C2-8FD5-EF8C43570DC0}.Debug|Any CPU.ActiveCfg = Debug|Any CPU
		{DD5A2C44-79EC-47C2-8FD5-EF8C43570DC0}.Debug|Any CPU.Build.0 = Debug|Any CPU
		{DD5A2C44-79EC-47C2-8FD5-EF8C43570DC0}.Release|Any CPU.ActiveCfg = Release|Any CPU
		{DD5A2C44-79EC-47C2-8FD5-EF8C43570DC0}.Release|Any CPU.Build.0 = Release|Any CPU
	EndGlobalSection
	GlobalSection(SolutionProperties) = preSolution
		HideSolutionNode = FALSE
	EndGlobalSection
	GlobalSection(ExtensibilityGlobals) = postSolution
		SolutionGuid = {2B5F8638-5380-4A8A-A60B-2E491597CD92}
	EndGlobalSection
EndGlobal
