
Microsoft Visual Studio Solution File, Format Version 12.00
# Visual Studio Version 16
VisualStudioVersion = 16.0.35325.158
MinimumVisualStudioVersion = 10.0.40219.1
Project("{FAE04EC0-301F-11D3-BF4B-00C04F79EFBC}") = "MVC_Basics", "MVC_Basics\MVC_Basics.csproj", "{72D0033C-6F92-427A-AED1-22A0298E19A0}"
EndProject
Global
	GlobalSection(SolutionConfigurationPlatforms) = preSolution
		Debug|Any CPU = Debug|Any CPU
		Release|Any CPU = Release|Any CPU
	EndGlobalSection
	GlobalSection(ProjectConfigurationPlatforms) = postSolution
		{72D0033C-6F92-427A-AED1-22A0298E19A0}.Debug|Any CPU.ActiveCfg = Debug|Any CPU
		{72D0033C-6F92-427A-AED1-22A0298E19A0}.Debug|Any CPU.Build.0 = Debug|Any CPU
		{72D0033C-6F92-427A-AED1-22A0298E19A0}.Release|Any CPU.ActiveCfg = Release|Any CPU
		{72D0033C-6F92-427A-AED1-22A0298E19A0}.Release|Any CPU.Build.0 = Release|Any CPU
	EndGlobalSection
	GlobalSection(SolutionProperties) = preSolution
		HideSolutionNode = FALSE
	EndGlobalSection
	GlobalSection(ExtensibilityGlobals) = postSolution
		SolutionGuid = {399AD6B7-61BE-4D01-B4A0-A8A27BE70003}
	EndGlobalSection
EndGlobal
