
Microsoft Visual Studio Solution File, Format Version 12.00
# Visual Studio Version 16
VisualStudioVersion = 16.0.35325.158
MinimumVisualStudioVersion = 10.0.40219.1
Project("{FAE04EC0-301F-11D3-BF4B-00C04F79EFBC}") = "Assessment_MVCApplication", "Assessment_MVCApplication\Assessment_MVCApplication.csproj", "{905E7B4F-F5FE-4001-A341-495579D9880F}"
EndProject
Global
	GlobalSection(SolutionConfigurationPlatforms) = preSolution
		Debug|Any CPU = Debug|Any CPU
		Release|Any CPU = Release|Any CPU
	EndGlobalSection
	GlobalSection(ProjectConfigurationPlatforms) = postSolution
		{905E7B4F-F5FE-4001-A341-495579D9880F}.Debug|Any CPU.ActiveCfg = Debug|Any CPU
		{905E7B4F-F5FE-4001-A341-495579D9880F}.Debug|Any CPU.Build.0 = Debug|Any CPU
		{905E7B4F-F5FE-4001-A341-495579D9880F}.Release|Any CPU.ActiveCfg = Release|Any CPU
		{905E7B4F-F5FE-4001-A341-495579D9880F}.Release|Any CPU.Build.0 = Release|Any CPU
	EndGlobalSection
	GlobalSection(SolutionProperties) = preSolution
		HideSolutionNode = FALSE
	EndGlobalSection
	GlobalSection(ExtensibilityGlobals) = postSolution
		SolutionGuid = {49F4306F-AEB0-411E-9DB5-C4CD39C713C3}
	EndGlobalSection
EndGlobal
