
Microsoft Visual Studio Solution File, Format Version 12.00
# Visual Studio Version 16
VisualStudioVersion = 16.0.35325.158
MinimumVisualStudioVersion = 10.0.40219.1
Project("{FAE04EC0-301F-11D3-BF4B-00C04F79EFBC}") = "Html_Helpers_Prj", "Html_Helpers_Prj\Html_Helpers_Prj.csproj", "{A70FA938-69E4-4443-BE33-BB7729E72446}"
EndProject
Global
	GlobalSection(SolutionConfigurationPlatforms) = preSolution
		Debug|Any CPU = Debug|Any CPU
		Release|Any CPU = Release|Any CPU
	EndGlobalSection
	GlobalSection(ProjectConfigurationPlatforms) = postSolution
		{A70FA938-69E4-4443-BE33-BB7729E72446}.Debug|Any CPU.ActiveCfg = Debug|Any CPU
		{A70FA938-69E4-4443-BE33-BB7729E72446}.Debug|Any CPU.Build.0 = Debug|Any CPU
		{A70FA938-69E4-4443-BE33-BB7729E72446}.Release|Any CPU.ActiveCfg = Release|Any CPU
		{A70FA938-69E4-4443-BE33-BB7729E72446}.Release|Any CPU.Build.0 = Release|Any CPU
	EndGlobalSection
	GlobalSection(SolutionProperties) = preSolution
		HideSolutionNode = FALSE
	EndGlobalSection
	GlobalSection(ExtensibilityGlobals) = postSolution
		SolutionGuid = {6C1E21E6-8DE9-410B-8834-8C4989C795B4}
	EndGlobalSection
EndGlobal
